
Microsoft Visual Studio Solution File, Format Version 12.00
# Visual Studio Version 17
VisualStudioVersion = 17.2.32616.157
MinimumVisualStudioVersion = 10.0.40219.1
Project("{FAE04EC0-301F-11D3-BF4B-00C04F79EFBC}") = "AsynkronDekryptering", "AsynkronDekryptering\AsynkronDekryptering.csproj", "{95AC86B4-6C1F-4AEE-A610-53CCB2E5F4FE}"
EndProject
Global
	GlobalSection(SolutionConfigurationPlatforms) = preSolution
		Debug|Any CPU = Debug|Any CPU
		Release|Any CPU = Release|Any CPU
	EndGlobalSection
	GlobalSection(ProjectConfigurationPlatforms) = postSolution
		{95AC86B4-6C1F-4AEE-A610-53CCB2E5F4FE}.Debug|Any CPU.ActiveCfg = Debug|Any CPU
		{95AC86B4-6C1F-4AEE-A610-53CCB2E5F4FE}.Debug|Any CPU.Build.0 = Debug|Any CPU
		{95AC86B4-6C1F-4AEE-A610-53CCB2E5F4FE}.Release|Any CPU.ActiveCfg = Release|Any CPU
		{95AC86B4-6C1F-4AEE-A610-53CCB2E5F4FE}.Release|Any CPU.Build.0 = Release|Any CPU
	EndGlobalSection
	GlobalSection(SolutionProperties) = preSolution
		HideSolutionNode = FALSE
	EndGlobalSection
	GlobalSection(ExtensibilityGlobals) = postSolution
		SolutionGuid = {EB9FCA13-AC19-4D70-979C-EDA5CAD20F20}
	EndGlobalSection
EndGlobal
